
Microsoft Visual Studio Solution File, Format Version 12.00
# Visual Studio Version 17
VisualStudioVersion = 17.10.35013.160
MinimumVisualStudioVersion = 10.0.40219.1
Project("{FAE04EC0-301F-11D3-BF4B-00C04F79EFBC}") = "Appointment_Scheduler", "Appointment_Scheduler\Appointment_Scheduler.csproj", "{475BE324-C13D-4371-98FF-F6F97A096D9D}"
EndProject
Global
	GlobalSection(SolutionConfigurationPlatforms) = preSolution
		Debug|Any CPU = Debug|Any CPU
		Release|Any CPU = Release|Any CPU
	EndGlobalSection
	GlobalSection(ProjectConfigurationPlatforms) = postSolution
		{475BE324-C13D-4371-98FF-F6F97A096D9D}.Debug|Any CPU.ActiveCfg = Debug|Any CPU
		{475BE324-C13D-4371-98FF-F6F97A096D9D}.Debug|Any CPU.Build.0 = Debug|Any CPU
		{475BE324-C13D-4371-98FF-F6F97A096D9D}.Release|Any CPU.ActiveCfg = Release|Any CPU
		{475BE324-C13D-4371-98FF-F6F97A096D9D}.Release|Any CPU.Build.0 = Release|Any CPU
	EndGlobalSection
	GlobalSection(SolutionProperties) = preSolution
		HideSolutionNode = FALSE
	EndGlobalSection
	GlobalSection(ExtensibilityGlobals) = postSolution
		SolutionGuid = {93B9D630-1DDD-4202-9C8A-47FA354C5EAC}
	EndGlobalSection
EndGlobal
